{
  "version": 4,
  "terraform_version": "0.12.9",
  "serial": 1,
  "lineage": "6aa67fa9-b575-e923-dc90-abb7fe0b46c4",
  "outputs": {},
  "resources": [
    {
      "mode": "managed",
      "type": "google_compute_instance",
      "name": "centos-jenkins",
      "provider": "provider.google",
      "instances": [
        {
          "schema_version": 6,
          "attributes": {
            "allow_stopping_for_update": null,
            "attached_disk": [],
            "boot_disk": [
              {
                "auto_delete": true,
                "device_name": "centos-jenkins",
                "disk_encryption_key_raw": "",
                "disk_encryption_key_sha256": "",
                "initialize_params": [
                  {
                    "image": "https://www.googleapis.com/compute/v1/projects/centos-cloud/global/images/centos-7-v20190905",
                    "labels": {},
                    "size": 10,
                    "type": "pd-standard"
                  }
                ],
                "kms_key_self_link": "",
                "mode": "READ_WRITE",
                "source": "https://www.googleapis.com/compute/v1/projects/global-bridge-252020/zones/us-central1-a/disks/centos-jenkins"
              }
            ],
            "can_ip_forward": false,
            "cpu_platform": "Unknown CPU Platform",
            "deletion_protection": false,
            "description": "",
            "disk": [],
            "guest_accelerator": [],
            "hostname": "",
            "id": "centos-jenkins",
            "instance_id": "840796526792386216",
            "label_fingerprint": "42WmSpB8rSM=",
            "labels": {},
            "machine_type": "g1-small",
            "metadata": {
              "ssh-keys": "ilya_dog84:ssh-rsa AAAAB3NzaC1yc2EAAAADAQABAAABAQCWrREUi+k0tugNUwcT9cj4K90pfjGTDEqqdH+GRueTZxxffFajrtBpQqC6gb42lc0aUXvQ7p5DfnVI7+FIbP7P6n4BC73iCWFlLkidjbHlFdstYFSZ/TUbKRt2OhSrIV5TtG/wQyrDDRDHvf20Qq30Jj8/XPmLB60RGjcOUkzsymXSNeIXBHrCeof/YjKYYFsVqlcq6oirh9L7Ak6bAuBt6dUsKVAtpm4vG3En/PrFzcHOWLjY7nl+YhGD+h9n/N1XPFjXH/N3EuK7oruHXhVl98fiQT/GTYM1PGBnQzo8M1rEmsjZbVPzD4AhbVfeR+tSpNhI9aSyeyIus5zHz2FV google-ssh {\"userName\":\"ilya.dog84@gmail.com\",\"expireOn\":\"2019-09-12T19:24:49+0000\"}\nGin:ssh-rsa AAAAB3NzaC1yc2EAAAADAQABAAABAQDAGvFwuHdn/xcqyq4rkq2QzyAefJ9iSXF2BaV1alsdnmjpPrMeQOLozudWe97Qa4x8Pw6aXQqHtWfGZ46jSGE9hZvci2cdq8BqY8drtSDwVpqeKJ/b+Rpt7fA/BWmgqm6bgj760WU+2HrSZ3JhvzF8YT72Pq0QGDmIsY74/TCIBKQe/vEyB6Sq9EAJqKcLGNt0YXG5XdtcUkOnhQvjXhGCWMezPuFNbXV+5zIMhRprTASYfrj28ga1v3ub4GGXgyA76xyLQCNxt4J/ODgF+ZTztZFOdkw3ybyzGObTcU5h65Ba8cBE6vhvOrfSISVeoMMogpbO77/zPx/EbhrDZT6h Gin"
            },
            "metadata_fingerprint": "HY7VfZdo_oM=",
            "metadata_startup_script": "",
            "min_cpu_platform": "",
            "name": "centos-jenkins",
            "network_interface": [
              {
                "access_config": [
                  {
                    "assigned_nat_ip": "",
                    "nat_ip": "",
                    "network_tier": "PREMIUM",
                    "public_ptr_domain_name": ""
                  }
                ],
                "address": "",
                "alias_ip_range": [],
                "name": "nic0",
                "network": "https://www.googleapis.com/compute/v1/projects/global-bridge-252020/global/networks/default",
                "network_ip": "10.128.0.3",
                "subnetwork": "https://www.googleapis.com/compute/v1/projects/global-bridge-252020/regions/us-central1/subnetworks/default",
                "subnetwork_project": "global-bridge-252020"
              }
            ],
            "project": "global-bridge-252020",
            "scheduling": [
              {
                "automatic_restart": true,
                "node_affinities": [],
                "on_host_maintenance": "MIGRATE",
                "preemptible": false
              }
            ],
            "scratch_disk": [],
            "self_link": "https://www.googleapis.com/compute/v1/projects/global-bridge-252020/zones/us-central1-a/instances/centos-jenkins",
            "service_account": [
              {
                "email": "184925668036-compute@developer.gserviceaccount.com",
                "scopes": [
                  "https://www.googleapis.com/auth/devstorage.read_only",
                  "https://www.googleapis.com/auth/logging.write",
                  "https://www.googleapis.com/auth/monitoring.write",
                  "https://www.googleapis.com/auth/service.management.readonly",
                  "https://www.googleapis.com/auth/servicecontrol",
                  "https://www.googleapis.com/auth/trace.append"
                ]
              }
            ],
            "shielded_instance_config": [],
            "tags": [
              "http-8080",
              "http-server",
              "https-server"
            ],
            "tags_fingerprint": "b5GVfzVRyQ4=",
            "timeouts": {
              "create": null,
              "delete": null,
              "update": null
            },
            "zone": "us-central1-a"
          },
          "private": "eyJlMmJmYjczMC1lY2FhLTExZTYtOGY4OC0zNDM2M2JjN2M0YzAiOnsiY3JlYXRlIjoxMjAwMDAwMDAwMDAwLCJkZWxldGUiOjEyMDAwMDAwMDAwMDAsInVwZGF0ZSI6MTIwMDAwMDAwMDAwMH0sInNjaGVtYV92ZXJzaW9uIjoiNiJ9"
        }
      ]
    }
  ]
}
